
Microsoft Visual Studio Solution File, Format Version 12.00
# Visual Studio Version 17
VisualStudioVersion = 17.1.32414.318
MinimumVisualStudioVersion = 10.0.40219.1
Project("{2150E333-8FDC-42A3-9474-1A3956D46DE8}") = "src", "src", "{228A1159-A700-48A8-9366-2ABC6EC9245C}"
EndProject
Project("{2150E333-8FDC-42A3-9474-1A3956D46DE8}") = "Api", "Api", "{4D34B394-244F-4DAD-A475-349389F887E2}"
EndProject
Project("{2150E333-8FDC-42A3-9474-1A3956D46DE8}") = "Clients", "Clients", "{58504A15-A533-4F3C-A008-C0E680D192C4}"
EndProject
Project("{2150E333-8FDC-42A3-9474-1A3956D46DE8}") = "Common", "Common", "{822CD3EF-9665-4278-84C6-A105DD869B75}"
EndProject
Project("{2150E333-8FDC-42A3-9474-1A3956D46DE8}") = "Projections", "Projections", "{20E173C7-09B2-458D-B20D-B09028D95476}"
EndProject
Project("{2150E333-8FDC-42A3-9474-1A3956D46DE8}") = "Core", "Core", "{F00782F7-E35F-472F-8F0C-D8EDAC5EA11C}"
EndProject
Project("{2150E333-8FDC-42A3-9474-1A3956D46DE8}") = "Infrastructure", "Infrastructure", "{2716621F-9501-4B1D-856F-D2150802A684}"
EndProject
Project("{2150E333-8FDC-42A3-9474-1A3956D46DE8}") = "WebApi", "WebApi", "{BC46CEA8-A040-4AAC-BC9C-F7D10BBE9046}"
EndProject
Project("{2150E333-8FDC-42A3-9474-1A3956D46DE8}") = "BlazorWeb", "BlazorWeb", "{0A0FD65D-2825-43D2-AC04-481C70DC65BC}"
EndProject
Project("{FAE04EC0-301F-11D3-BF4B-00C04F79EFBC}") = "BlazorSozluk.Common", "src\Common\BlazorSozluk.Common\BlazorSozluk.Common.csproj", "{9C9B7A7F-A8B5-4C65-8B72-476987B4EB8B}"
EndProject
Project("{FAE04EC0-301F-11D3-BF4B-00C04F79EFBC}") = "BlazorSozluk.Infrastructure.Persistence", "src\Api\Infrastructure\BlazorSozluk.Infrastructure.Persistence\BlazorSozluk.Infrastructure.Persistence.csproj", "{08E6620D-0C6A-4089-AF74-6334861EE167}"
EndProject
Project("{FAE04EC0-301F-11D3-BF4B-00C04F79EFBC}") = "BlazorSozluk.Api.WebApi", "src\Api\WebApi\BlazorSozluk.Api.WebApi\BlazorSozluk.Api.WebApi.csproj", "{BE98D1C9-460E-400C-94C9-74F2B624E414}"
EndProject
Project("{FAE04EC0-301F-11D3-BF4B-00C04F79EFBC}") = "BlazorSozluk.Projections.FavoriteService", "src\Projections\BlazorSozluk.Projections.FavoriteService\BlazorSozluk.Projections.FavoriteService.csproj", "{1867EB42-EF06-43E2-93F0-B5E2EA56853A}"
EndProject
Project("{FAE04EC0-301F-11D3-BF4B-00C04F79EFBC}") = "BlazorSozluk.Projections.VoteService", "src\Projections\BlazorSozluk.Projections.VoteService\BlazorSozluk.Projections.VoteService.csproj", "{3AAD7A15-058A-4372-876F-8FE379AD3AB3}"
EndProject
Project("{FAE04EC0-301F-11D3-BF4B-00C04F79EFBC}") = "BlazorSozluk.Projections.UserService", "src\Projections\BlazorSozluk.Projections.UserService\BlazorSozluk.Projections.UserService.csproj", "{FE38EBFC-8C70-45DB-A26A-6E74D4A7C3B6}"
EndProject
Project("{FAE04EC0-301F-11D3-BF4B-00C04F79EFBC}") = "BlazorSozluk.WebApp", "src\Clients\BlazorWeb\BlazorSozluk.WebApp\BlazorSozluk.WebApp.csproj", "{4BAA454C-774E-45FE-977F-4E1F398B0114}"
EndProject
Project("{FAE04EC0-301F-11D3-BF4B-00C04F79EFBC}") = "BlazorSozluk.Api.Application", "src\Api\Core\BlazorSozluk.Api.Application\BlazorSozluk.Api.Application.csproj", "{C5D4B1D9-5939-4489-95FB-96DB5A21B4A4}"
EndProject
Project("{FAE04EC0-301F-11D3-BF4B-00C04F79EFBC}") = "BlazorSozluk.Api.Domain", "src\Api\Core\BlazorSozluk.Api.Domain\BlazorSozluk.Api.Domain.csproj", "{F88064DB-50F1-4CD9-AFEC-037EA2F0BD16}"
EndProject
Global
	GlobalSection(SolutionConfigurationPlatforms) = preSolution
		Debug|Any CPU = Debug|Any CPU
		Release|Any CPU = Release|Any CPU
	EndGlobalSection
	GlobalSection(ProjectConfigurationPlatforms) = postSolution
		{9C9B7A7F-A8B5-4C65-8B72-476987B4EB8B}.Debug|Any CPU.ActiveCfg = Debug|Any CPU
		{9C9B7A7F-A8B5-4C65-8B72-476987B4EB8B}.Debug|Any CPU.Build.0 = Debug|Any CPU
		{9C9B7A7F-A8B5-4C65-8B72-476987B4EB8B}.Release|Any CPU.ActiveCfg = Release|Any CPU
		{9C9B7A7F-A8B5-4C65-8B72-476987B4EB8B}.Release|Any CPU.Build.0 = Release|Any CPU
		{08E6620D-0C6A-4089-AF74-6334861EE167}.Debug|Any CPU.ActiveCfg = Debug|Any CPU
		{08E6620D-0C6A-4089-AF74-6334861EE167}.Debug|Any CPU.Build.0 = Debug|Any CPU
		{08E6620D-0C6A-4089-AF74-6334861EE167}.Release|Any CPU.ActiveCfg = Release|Any CPU
		{08E6620D-0C6A-4089-AF74-6334861EE167}.Release|Any CPU.Build.0 = Release|Any CPU
		{BE98D1C9-460E-400C-94C9-74F2B624E414}.Debug|Any CPU.ActiveCfg = Debug|Any CPU
		{BE98D1C9-460E-400C-94C9-74F2B624E414}.Debug|Any CPU.Build.0 = Debug|Any CPU
		{BE98D1C9-460E-400C-94C9-74F2B624E414}.Release|Any CPU.ActiveCfg = Release|Any CPU
		{BE98D1C9-460E-400C-94C9-74F2B624E414}.Release|Any CPU.Build.0 = Release|Any CPU
		{1867EB42-EF06-43E2-93F0-B5E2EA56853A}.Debug|Any CPU.ActiveCfg = Debug|Any CPU
		{1867EB42-EF06-43E2-93F0-B5E2EA56853A}.Debug|Any CPU.Build.0 = Debug|Any CPU
		{1867EB42-EF06-43E2-93F0-B5E2EA56853A}.Release|Any CPU.ActiveCfg = Release|Any CPU
		{1867EB42-EF06-43E2-93F0-B5E2EA56853A}.Release|Any CPU.Build.0 = Release|Any CPU
		{3AAD7A15-058A-4372-876F-8FE379AD3AB3}.Debug|Any CPU.ActiveCfg = Debug|Any CPU
		{3AAD7A15-058A-4372-876F-8FE379AD3AB3}.Debug|Any CPU.Build.0 = Debug|Any CPU
		{3AAD7A15-058A-4372-876F-8FE379AD3AB3}.Release|Any CPU.ActiveCfg = Release|Any CPU
		{3AAD7A15-058A-4372-876F-8FE379AD3AB3}.Release|Any CPU.Build.0 = Release|Any CPU
		{FE38EBFC-8C70-45DB-A26A-6E74D4A7C3B6}.Debug|Any CPU.ActiveCfg = Debug|Any CPU
		{FE38EBFC-8C70-45DB-A26A-6E74D4A7C3B6}.Debug|Any CPU.Build.0 = Debug|Any CPU
		{FE38EBFC-8C70-45DB-A26A-6E74D4A7C3B6}.Release|Any CPU.ActiveCfg = Release|Any CPU
		{FE38EBFC-8C70-45DB-A26A-6E74D4A7C3B6}.Release|Any CPU.Build.0 = Release|Any CPU
		{4BAA454C-774E-45FE-977F-4E1F398B0114}.Debug|Any CPU.ActiveCfg = Debug|Any CPU
		{4BAA454C-774E-45FE-977F-4E1F398B0114}.Debug|Any CPU.Build.0 = Debug|Any CPU
		{4BAA454C-774E-45FE-977F-4E1F398B0114}.Release|Any CPU.ActiveCfg = Release|Any CPU
		{4BAA454C-774E-45FE-977F-4E1F398B0114}.Release|Any CPU.Build.0 = Release|Any CPU
		{C5D4B1D9-5939-4489-95FB-96DB5A21B4A4}.Debug|Any CPU.ActiveCfg = Debug|Any CPU
		{C5D4B1D9-5939-4489-95FB-96DB5A21B4A4}.Debug|Any CPU.Build.0 = Debug|Any CPU
		{C5D4B1D9-5939-4489-95FB-96DB5A21B4A4}.Release|Any CPU.ActiveCfg = Release|Any CPU
		{C5D4B1D9-5939-4489-95FB-96DB5A21B4A4}.Release|Any CPU.Build.0 = Release|Any CPU
		{F88064DB-50F1-4CD9-AFEC-037EA2F0BD16}.Debug|Any CPU.ActiveCfg = Debug|Any CPU
		{F88064DB-50F1-4CD9-AFEC-037EA2F0BD16}.Debug|Any CPU.Build.0 = Debug|Any CPU
		{F88064DB-50F1-4CD9-AFEC-037EA2F0BD16}.Release|Any CPU.ActiveCfg = Release|Any CPU
		{F88064DB-50F1-4CD9-AFEC-037EA2F0BD16}.Release|Any CPU.Build.0 = Release|Any CPU
	EndGlobalSection
	GlobalSection(SolutionProperties) = preSolution
		HideSolutionNode = FALSE
	EndGlobalSection
	GlobalSection(NestedProjects) = preSolution
		{4D34B394-244F-4DAD-A475-349389F887E2} = {228A1159-A700-48A8-9366-2ABC6EC9245C}
		{58504A15-A533-4F3C-A008-C0E680D192C4} = {228A1159-A700-48A8-9366-2ABC6EC9245C}
		{822CD3EF-9665-4278-84C6-A105DD869B75} = {228A1159-A700-48A8-9366-2ABC6EC9245C}
		{20E173C7-09B2-458D-B20D-B09028D95476} = {228A1159-A700-48A8-9366-2ABC6EC9245C}
		{F00782F7-E35F-472F-8F0C-D8EDAC5EA11C} = {4D34B394-244F-4DAD-A475-349389F887E2}
		{2716621F-9501-4B1D-856F-D2150802A684} = {4D34B394-244F-4DAD-A475-349389F887E2}
		{BC46CEA8-A040-4AAC-BC9C-F7D10BBE9046} = {4D34B394-244F-4DAD-A475-349389F887E2}
		{0A0FD65D-2825-43D2-AC04-481C70DC65BC} = {58504A15-A533-4F3C-A008-C0E680D192C4}
		{9C9B7A7F-A8B5-4C65-8B72-476987B4EB8B} = {822CD3EF-9665-4278-84C6-A105DD869B75}
		{08E6620D-0C6A-4089-AF74-6334861EE167} = {2716621F-9501-4B1D-856F-D2150802A684}
		{BE98D1C9-460E-400C-94C9-74F2B624E414} = {BC46CEA8-A040-4AAC-BC9C-F7D10BBE9046}
		{1867EB42-EF06-43E2-93F0-B5E2EA56853A} = {20E173C7-09B2-458D-B20D-B09028D95476}
		{3AAD7A15-058A-4372-876F-8FE379AD3AB3} = {20E173C7-09B2-458D-B20D-B09028D95476}
		{FE38EBFC-8C70-45DB-A26A-6E74D4A7C3B6} = {20E173C7-09B2-458D-B20D-B09028D95476}
		{4BAA454C-774E-45FE-977F-4E1F398B0114} = {0A0FD65D-2825-43D2-AC04-481C70DC65BC}
		{C5D4B1D9-5939-4489-95FB-96DB5A21B4A4} = {F00782F7-E35F-472F-8F0C-D8EDAC5EA11C}
		{F88064DB-50F1-4CD9-AFEC-037EA2F0BD16} = {F00782F7-E35F-472F-8F0C-D8EDAC5EA11C}
	EndGlobalSection
	GlobalSection(ExtensibilityGlobals) = postSolution
		SolutionGuid = {31BD7A65-8215-4B95-8CF9-A97EF31C2CF5}
	EndGlobalSection
EndGlobal
